// !$*UTF8*$!
{
	archiveVersion = 1;
	classes = {
	};
	objectVersion = 48;
	objects = {

/* Begin PBXBuildFile section */
		899B8284217E7471009D810A /* AppDelegate.swift in Sources */ = {isa = PBXBuildFile; fileRef = 899B8283217E7471009D810A /* AppDelegate.swift */; };
		899B8286217E7471009D810A /* MemeEditorViewController.swift in Sources */ = {isa = PBXBuildFile; fileRef = 899B8285217E7471009D810A /* MemeEditorViewController.swift */; };
		899B8289217E7471009D810A /* Main.storyboard in Resources */ = {isa = PBXBuildFile; fileRef = 899B8287217E7471009D810A /* Main.storyboard */; };
		899B828B217E7472009D810A /* Assets.xcassets in Resources */ = {isa = PBXBuildFile; fileRef = 899B828A217E7472009D810A /* Assets.xcassets */; };
		899B828E217E7472009D810A /* LaunchScreen.storyboard in Resources */ = {isa = PBXBuildFile; fileRef = 899B828C217E7472009D810A /* LaunchScreen.storyboard */; };
		899B8296217E7550009D810A /* Meme.swift in Sources */ = {isa = PBXBuildFile; fileRef = 899B8295217E7550009D810A /* Meme.swift */; };
		899B8299217E75EF009D810A /* Impact.ttf in Resources */ = {isa = PBXBuildFile; fileRef = 899B8298217E75EF009D810A /* Impact.ttf */; };
		899B829B217EC140009D810A /* MemeEditorViewController+UIImagePickerControllerDelegate.swift in Sources */ = {isa = PBXBuildFile; fileRef = 899B829A217EC140009D810A /* MemeEditorViewController+UIImagePickerControllerDelegate.swift */; };
		8D447EA521B9644500F22DF6 /* MemeDetailViewController.swift in Sources */ = {isa = PBXBuildFile; fileRef = 8D447EA421B9644500F22DF6 /* MemeDetailViewController.swift */; };
		8D447EA721B9652700F22DF6 /* SentMemesTableViewController.swift in Sources */ = {isa = PBXBuildFile; fileRef = 8D447EA621B9652700F22DF6 /* SentMemesTableViewController.swift */; };
		8D447EA921B97B7C00F22DF6 /* SentMemesCollectionViewController.swift in Sources */ = {isa = PBXBuildFile; fileRef = 8D447EA821B97B7C00F22DF6 /* SentMemesCollectionViewController.swift */; };
		8D447EAB21B97C9700F22DF6 /* MemeCollectionViewCell.swift in Sources */ = {isa = PBXBuildFile; fileRef = 8D447EAA21B97C9700F22DF6 /* MemeCollectionViewCell.swift */; };
		8D447EAD21B9809E00F22DF6 /* MemeTableViewCell.swift in Sources */ = {isa = PBXBuildFile; fileRef = 8D447EAC21B9809E00F22DF6 /* MemeTableViewCell.swift */; };
		8D447EAF21BEAA5700F22DF6 /* MemeEditorViewController+TextFieldDelegate.swift in Sources */ = {isa = PBXBuildFile; fileRef = 8D447EAE21BEAA5700F22DF6 /* MemeEditorViewController+TextFieldDelegate.swift */; };
/* End PBXBuildFile section */

/* Begin PBXFileReference section */
		899B8280217E7471009D810A /* MemeMe.app */ = {isa = PBXFileReference; explicitFileType = wrapper.application; includeInIndex = 0; path = MemeMe.app; sourceTree = BUILT_PRODUCTS_DIR; };
		899B8283217E7471009D810A /* AppDelegate.swift */ = {isa = PBXFileReference; lastKnownFileType = sourcecode.swift; path = AppDelegate.swift; sourceTree = "<group>"; };
		899B8285217E7471009D810A /* MemeEditorViewController.swift */ = {isa = PBXFileReference; lastKnownFileType = sourcecode.swift; path = MemeEditorViewController.swift; sourceTree = "<group>"; };
		899B8288217E7471009D810A /* Base */ = {isa = PBXFileReference; lastKnownFileType = file.storyboard; name = Base; path = Base.lproj/Main.storyboard; sourceTree = "<group>"; };
		899B828A217E7472009D810A /* Assets.xcassets */ = {isa = PBXFileReference; lastKnownFileType = folder.assetcatalog; path = Assets.xcassets; sourceTree = "<group>"; };
		899B828D217E7472009D810A /* Base */ = {isa = PBXFileReference; lastKnownFileType = file.storyboard; name = Base; path = Base.lproj/LaunchScreen.storyboard; sourceTree = "<group>"; };
		899B828F217E7472009D810A /* Info.plist */ = {isa = PBXFileReference; lastKnownFileType = text.plist.xml; path = Info.plist; sourceTree = "<group>"; };
		899B8295217E7550009D810A /* Meme.swift */ = {isa = PBXFileReference; lastKnownFileType = sourcecode.swift; path = Meme.swift; sourceTree = "<group>"; };
		899B8298217E75EF009D810A /* Impact.ttf */ = {isa = PBXFileReference; lastKnownFileType = file; path = Impact.ttf; sourceTree = "<group>"; };
		899B829A217EC140009D810A /* MemeEditorViewController+UIImagePickerControllerDelegate.swift */ = {isa = PBXFileReference; lastKnownFileType = sourcecode.swift; path = "MemeEditorViewController+UIImagePickerControllerDelegate.swift"; sourceTree = "<group>"; };
		8D447EA421B9644500F22DF6 /* MemeDetailViewController.swift */ = {isa = PBXFileReference; lastKnownFileType = sourcecode.swift; path = MemeDetailViewController.swift; sourceTree = "<group>"; };
		8D447EA621B9652700F22DF6 /* SentMemesTableViewController.swift */ = {isa = PBXFileReference; lastKnownFileType = sourcecode.swift; path = SentMemesTableViewController.swift; sourceTree = "<group>"; };
		8D447EA821B97B7C00F22DF6 /* SentMemesCollectionViewController.swift */ = {isa = PBXFileReference; lastKnownFileType = sourcecode.swift; path = SentMemesCollectionViewController.swift; sourceTree = "<group>"; };
		8D447EAA21B97C9700F22DF6 /* MemeCollectionViewCell.swift */ = {isa = PBXFileReference; lastKnownFileType = sourcecode.swift; path = MemeCollectionViewCell.swift; sourceTree = "<group>"; };
		8D447EAC21B9809E00F22DF6 /* MemeTableViewCell.swift */ = {isa = PBXFileReference; lastKnownFileType = sourcecode.swift; path = MemeTableViewCell.swift; sourceTree = "<group>"; };
		8D447EAE21BEAA5700F22DF6 /* MemeEditorViewController+TextFieldDelegate.swift */ = {isa = PBXFileReference; lastKnownFileType = sourcecode.swift; path = "MemeEditorViewController+TextFieldDelegate.swift"; sourceTree = "<group>"; };
/* End PBXFileReference section */

/* Begin PBXFrameworksBuildPhase section */
		899B827D217E7471009D810A /* Frameworks */ = {
			isa = PBXFrameworksBuildPhase;
			buildActionMask = 2147483647;
			files = (
			);
			runOnlyForDeploymentPostprocessing = 0;
		};
/* End PBXFrameworksBuildPhase section */

/* Begin PBXGroup section */
		899B8277217E7471009D810A = {
			isa = PBXGroup;
			children = (
				899B8282217E7471009D810A /* MemeMe */,
				899B8281217E7471009D810A /* Products */,
			);
			sourceTree = "<group>";
		};
		899B8281217E7471009D810A /* Products */ = {
			isa = PBXGroup;
			children = (
				899B8280217E7471009D810A /* MemeMe.app */,
			);
			name = Products;
			sourceTree = "<group>";
		};
		899B8282217E7471009D810A /* MemeMe */ = {
			isa = PBXGroup;
			children = (
				899B8283217E7471009D810A /* AppDelegate.swift */,
				8D447EA121B9636400F22DF6 /* Supporting Files */,
				8D447EA021B9635600F22DF6 /* Model */,
				8D447E9F21B9634E00F22DF6 /* Controller */,
				8D447E9E21B9634500F22DF6 /* View */,
				8D447EA221B963A500F22DF6 /* Extensions */,
				8D447EA321B963AF00F22DF6 /* Storyboard */,
			);
			path = MemeMe;
			sourceTree = "<group>";
		};
		899B8297217E75E4009D810A /* fonts */ = {
			isa = PBXGroup;
			children = (
				899B8298217E75EF009D810A /* Impact.ttf */,
			);
			path = fonts;
			sourceTree = "<group>";
		};
		8D447E9E21B9634500F22DF6 /* View */ = {
			isa = PBXGroup;
			children = (
				8D447EAA21B97C9700F22DF6 /* MemeCollectionViewCell.swift */,
				8D447EAC21B9809E00F22DF6 /* MemeTableViewCell.swift */,
			);
			path = View;
			sourceTree = "<group>";
		};
		8D447E9F21B9634E00F22DF6 /* Controller */ = {
			isa = PBXGroup;
			children = (
				899B8285217E7471009D810A /* MemeEditorViewController.swift */,
				8D447EA421B9644500F22DF6 /* MemeDetailViewController.swift */,
				8D447EA621B9652700F22DF6 /* SentMemesTableViewController.swift */,
				8D447EA821B97B7C00F22DF6 /* SentMemesCollectionViewController.swift */,
			);
			path = Controller;
			sourceTree = "<group>";
		};
		8D447EA021B9635600F22DF6 /* Model */ = {
			isa = PBXGroup;
			children = (
				899B8295217E7550009D810A /* Meme.swift */,
			);
			path = Model;
			sourceTree = "<group>";
		};
		8D447EA121B9636400F22DF6 /* Supporting Files */ = {
			isa = PBXGroup;
			children = (
				899B828C217E7472009D810A /* LaunchScreen.storyboard */,
				899B8297217E75E4009D810A /* fonts */,
				899B828A217E7472009D810A /* Assets.xcassets */,
				899B828F217E7472009D810A /* Info.plist */,
			);
			path = "Supporting Files";
			sourceTree = "<group>";
		};
		8D447EA221B963A500F22DF6 /* Extensions */ = {
			isa = PBXGroup;
			children = (
				899B829A217EC140009D810A /* MemeEditorViewController+UIImagePickerControllerDelegate.swift */,
				8D447EAE21BEAA5700F22DF6 /* MemeEditorViewController+TextFieldDelegate.swift */,
			);
			path = Extensions;
			sourceTree = "<group>";
		};
		8D447EA321B963AF00F22DF6 /* Storyboard */ = {
			isa = PBXGroup;
			children = (
				899B8287217E7471009D810A /* Main.storyboard */,
			);
			path = Storyboard;
			sourceTree = "<group>";
		};
/* End PBXGroup section */

/* Begin PBXNativeTarget section */
		899B827F217E7471009D810A /* MemeMe */ = {
			isa = PBXNativeTarget;
			buildConfigurationList = 899B8292217E7472009D810A /* Build configuration list for PBXNativeTarget "MemeMe" */;
			buildPhases = (
				899B827C217E7471009D810A /* Sources */,
				899B827D217E7471009D810A /* Frameworks */,
				899B827E217E7471009D810A /* Resources */,
			);
			buildRules = (
			);
			dependencies = (
			);
			name = MemeMe;
			productName = MemeMe;
			productReference = 899B8280217E7471009D810A /* MemeMe.app */;
			productType = "com.apple.product-type.application";
		};
/* End PBXNativeTarget section */

/* Begin PBXProject section */
		899B8278217E7471009D810A /* Project object */ = {
			isa = PBXProject;
			attributes = {
				LastSwiftUpdateCheck = 0920;
				LastUpgradeCheck = 0920;
				ORGANIZATIONNAME = marcoscontente;
				TargetAttributes = {
					899B827F217E7471009D810A = {
						CreatedOnToolsVersion = 9.2;
						ProvisioningStyle = Automatic;
					};
				};
			};
			buildConfigurationList = 899B827B217E7471009D810A /* Build configuration list for PBXProject "MemeMe" */;
			compatibilityVersion = "Xcode 8.0";
			developmentRegion = en;
			hasScannedForEncodings = 0;
			knownRegions = (
				en,
				Base,
			);
			mainGroup = 899B8277217E7471009D810A;
			productRefGroup = 899B8281217E7471009D810A /* Products */;
			projectDirPath = "";
			projectRoot = "";
			targets = (
				899B827F217E7471009D810A /* MemeMe */,
			);
		};
/* End PBXProject section */

/* Begin PBXResourcesBuildPhase section */
		899B827E217E7471009D810A /* Resources */ = {
			isa = PBXResourcesBuildPhase;
			buildActionMask = 2147483647;
			files = (
				899B8299217E75EF009D810A /* Impact.ttf in Resources */,
				899B828E217E7472009D810A /* LaunchScreen.storyboard in Resources */,
				899B828B217E7472009D810A /* Assets.xcassets in Resources */,
				899B8289217E7471009D810A /* Main.storyboard in Resources */,
			);
			runOnlyForDeploymentPostprocessing = 0;
		};
/* End PBXResourcesBuildPhase section */

/* Begin PBXSourcesBuildPhase section */
		899B827C217E7471009D810A /* Sources */ = {
			isa = PBXSourcesBuildPhase;
			buildActionMask = 2147483647;
			files = (
				899B8296217E7550009D810A /* Meme.swift in Sources */,
				8D447EA921B97B7C00F22DF6 /* SentMemesCollectionViewController.swift in Sources */,
				8D447EAB21B97C9700F22DF6 /* MemeCollectionViewCell.swift in Sources */,
				8D447EA721B9652700F22DF6 /* SentMemesTableViewController.swift in Sources */,
				899B8286217E7471009D810A /* MemeEditorViewController.swift in Sources */,
				899B8284217E7471009D810A /* AppDelegate.swift in Sources */,
				8D447EAD21B9809E00F22DF6 /* MemeTableViewCell.swift in Sources */,
				899B829B217EC140009D810A /* MemeEditorViewController+UIImagePickerControllerDelegate.swift in Sources */,
				8D447EAF21BEAA5700F22DF6 /* MemeEditorViewController+TextFieldDelegate.swift in Sources */,
				8D447EA521B9644500F22DF6 /* MemeDetailViewController.swift in Sources */,
			);
			runOnlyForDeploymentPostprocessing = 0;
		};
/* End PBXSourcesBuildPhase section */

/* Begin PBXVariantGroup section */
		899B8287217E7471009D810A /* Main.storyboard */ = {
			isa = PBXVariantGroup;
			children = (
				899B8288217E7471009D810A /* Base */,
			);
			name = Main.storyboard;
			sourceTree = "<group>";
		};
		899B828C217E7472009D810A /* LaunchScreen.storyboard */ = {
			isa = PBXVariantGroup;
			children = (
				899B828D217E7472009D810A /* Base */,
			);
			name = LaunchScreen.storyboard;
			sourceTree = "<group>";
		};
/* End PBXVariantGroup section */

/* Begin XCBuildConfiguration section */
		899B8290217E7472009D810A /* Debug */ = {
			isa = XCBuildConfiguration;
			buildSettings = {
				ALWAYS_SEARCH_USER_PATHS = NO;
				CLANG_ANALYZER_NONNULL = YES;
				CLANG_ANALYZER_NUMBER_OBJECT_CONVERSION = YES_AGGRESSIVE;
				CLANG_CXX_LANGUAGE_STANDARD = "gnu++14";
				CLANG_CXX_LIBRARY = "libc++";
				CLANG_ENABLE_MODULES = YES;
				CLANG_ENABLE_OBJC_ARC = YES;
				CLANG_WARN_BLOCK_CAPTURE_AUTORELEASING = YES;
				CLANG_WARN_BOOL_CONVERSION = YES;
				CLANG_WARN_COMMA = YES;
				CLANG_WARN_CONSTANT_CONVERSION = YES;
				CLANG_WARN_DIRECT_OBJC_ISA_USAGE = YES_ERROR;
				CLANG_WARN_DOCUMENTATION_COMMENTS = YES;
				CLANG_WARN_EMPTY_BODY = YES;
				CLANG_WARN_ENUM_CONVERSION = YES;
				CLANG_WARN_INFINITE_RECURSION = YES;
				CLANG_WARN_INT_CONVERSION = YES;
				CLANG_WARN_NON_LITERAL_NULL_CONVERSION = YES;
				CLANG_WARN_OBJC_LITERAL_CONVERSION = YES;
				CLANG_WARN_OBJC_ROOT_CLASS = YES_ERROR;
				CLANG_WARN_RANGE_LOOP_ANALYSIS = YES;
				CLANG_WARN_STRICT_PROTOTYPES = YES;
				CLANG_WARN_SUSPICIOUS_MOVE = YES;
				CLANG_WARN_UNGUARDED_AVAILABILITY = YES_AGGRESSIVE;
				CLANG_WARN_UNREACHABLE_CODE = YES;
				CLANG_WARN__DUPLICATE_METHOD_MATCH = YES;
				CODE_SIGN_IDENTITY = "iPhone Developer";
				COPY_PHASE_STRIP = NO;
				DEBUG_INFORMATION_FORMAT = dwarf;
				ENABLE_STRICT_OBJC_MSGSEND = YES;
				ENABLE_TESTABILITY = YES;
				GCC_C_LANGUAGE_STANDARD = gnu11;
				GCC_DYNAMIC_NO_PIC = NO;
				GCC_NO_COMMON_BLOCKS = YES;
				GCC_OPTIMIZATION_LEVEL = 0;
				GCC_PREPROCESSOR_DEFINITIONS = (
					"DEBUG=1",
					"$(inherited)",
				);
				GCC_WARN_64_TO_32_BIT_CONVERSION = YES;
				GCC_WARN_ABOUT_RETURN_TYPE = YES_ERROR;
				GCC_WARN_UNDECLARED_SELECTOR = YES;
				GCC_WARN_UNINITIALIZED_AUTOS = YES_AGGRESSIVE;
				GCC_WARN_UNUSED_FUNCTION = YES;
				GCC_WARN_UNUSED_VARIABLE = YES;
				IPHONEOS_DEPLOYMENT_TARGET = 11.2;
				MTL_ENABLE_DEBUG_INFO = YES;
				ONLY_ACTIVE_ARCH = YES;
				SDKROOT = iphoneos;
				SWIFT_ACTIVE_COMPILATION_CONDITIONS = DEBUG;
				SWIFT_OPTIMIZATION_LEVEL = "-Onone";
			};
			name = Debug;
		};
		899B8291217E7472009D810A /* Release */ = {
			isa = XCBuildConfiguration;
			buildSettings = {
				ALWAYS_SEARCH_USER_PATHS = NO;
				CLANG_ANALYZER_NONNULL = YES;
				CLANG_ANALYZER_NUMBER_OBJECT_CONVERSION = YES_AGGRESSIVE;
				CLANG_CXX_LANGUAGE_STANDARD = "gnu++14";
				CLANG_CXX_LIBRARY = "libc++";
				CLANG_ENABLE_MODULES = YES;
				CLANG_ENABLE_OBJC_ARC = YES;
				CLANG_WARN_BLOCK_CAPTURE_AUTORELEASING = YES;
				CLANG_WARN_BOOL_CONVERSION = YES;
				CLANG_WARN_COMMA = YES;
				CLANG_WARN_CONSTANT_CONVERSION = YES;
				CLANG_WARN_DIRECT_OBJC_ISA_USAGE = YES_ERROR;
				CLANG_WARN_DOCUMENTATION_COMMENTS = YES;
				CLANG_WARN_EMPTY_BODY = YES;
				CLANG_WARN_ENUM_CONVERSION = YES;
				CLANG_WARN_INFINITE_RECURSION = YES;
				CLANG_WARN_INT_CONVERSION = YES;
				CLANG_WARN_NON_LITERAL_NULL_CONVERSION = YES;
				CLANG_WARN_OBJC_LITERAL_CONVERSION = YES;
				CLANG_WARN_OBJC_ROOT_CLASS = YES_ERROR;
				CLANG_WARN_RANGE_LOOP_ANALYSIS = YES;
				CLANG_WARN_STRICT_PROTOTYPES = YES;
				CLANG_WARN_SUSPICIOUS_MOVE = YES;
				CLANG_WARN_UNGUARDED_AVAILABILITY = YES_AGGRESSIVE;
				CLANG_WARN_UNREACHABLE_CODE = YES;
				CLANG_WARN__DUPLICATE_METHOD_MATCH = YES;
				CODE_SIGN_IDENTITY = "iPhone Developer";
				COPY_PHASE_STRIP = NO;
				DEBUG_INFORMATION_FORMAT = "dwarf-with-dsym";
				ENABLE_NS_ASSERTIONS = NO;
				ENABLE_STRICT_OBJC_MSGSEND = YES;
				GCC_C_LANGUAGE_STANDARD = gnu11;
				GCC_NO_COMMON_BLOCKS = YES;
				GCC_WARN_64_TO_32_BIT_CONVERSION = YES;
				GCC_WARN_ABOUT_RETURN_TYPE = YES_ERROR;
				GCC_WARN_UNDECLARED_SELECTOR = YES;
				GCC_WARN_UNINITIALIZED_AUTOS = YES_AGGRESSIVE;
				GCC_WARN_UNUSED_FUNCTION = YES;
				GCC_WARN_UNUSED_VARIABLE = YES;
				IPHONEOS_DEPLOYMENT_TARGET = 11.2;
				MTL_ENABLE_DEBUG_INFO = NO;
				SDKROOT = iphoneos;
				SWIFT_OPTIMIZATION_LEVEL = "-Owholemodule";
				VALIDATE_PRODUCT = YES;
			};
			name = Release;
		};
		899B8293217E7472009D810A /* Debug */ = {
			isa = XCBuildConfiguration;
			buildSettings = {
				ASSETCATALOG_COMPILER_APPICON_NAME = AppIcon;
				CODE_SIGN_STYLE = Automatic;
				DEVELOPMENT_TEAM = LW3LYW96BC;
				INFOPLIST_FILE = "$(SRCROOT)/MemeMe/Supporting Files/Info.plist";
				LD_RUNPATH_SEARCH_PATHS = "$(inherited) @executable_path/Frameworks";
				PRODUCT_BUNDLE_IDENTIFIER = marcoscontente.MemeMe;
				PRODUCT_NAME = "$(TARGET_NAME)";
				SWIFT_VERSION = 4.0;
				TARGETED_DEVICE_FAMILY = "1,2";
			};
			name = Debug;
		};
		899B8294217E7472009D810A /* Release */ = {
			isa = XCBuildConfiguration;
			buildSettings = {
				ASSETCATALOG_COMPILER_APPICON_NAME = AppIcon;
				CODE_SIGN_STYLE = Automatic;
				DEVELOPMENT_TEAM = LW3LYW96BC;
				INFOPLIST_FILE = "$(SRCROOT)/MemeMe/Supporting Files/Info.plist";
				LD_RUNPATH_SEARCH_PATHS = "$(inherited) @executable_path/Frameworks";
				PRODUCT_BUNDLE_IDENTIFIER = marcoscontente.MemeMe;
				PRODUCT_NAME = "$(TARGET_NAME)";
				SWIFT_VERSION = 4.0;
				TARGETED_DEVICE_FAMILY = "1,2";
			};
			name = Release;
		};
/* End XCBuildConfiguration section */

/* Begin XCConfigurationList section */
		899B827B217E7471009D810A /* Build configuration list for PBXProject "MemeMe" */ = {
			isa = XCConfigurationList;
			buildConfigurations = (
				899B8290217E7472009D810A /* Debug */,
				899B8291217E7472009D810A /* Release */,
			);
			defaultConfigurationIsVisible = 0;
			defaultConfigurationName = Release;
		};
		899B8292217E7472009D810A /* Build configuration list for PBXNativeTarget "MemeMe" */ = {
			isa = XCConfigurationList;
			buildConfigurations = (
				899B8293217E7472009D810A /* Debug */,
				899B8294217E7472009D810A /* Release */,
			);
			defaultConfigurationIsVisible = 0;
			defaultConfigurationName = Release;
		};
/* End XCConfigurationList section */
	};
	rootObject = 899B8278217E7471009D810A /* Project object */;
}
